
Microsoft Visual Studio Solution File, Format Version 12.00
# Visual Studio Version 17
VisualStudioVersion = 17.13.35931.197
MinimumVisualStudioVersion = 10.0.40219.1
Project("{FAE04EC0-301F-11D3-BF4B-00C04F79EFBC}") = "TLD15", "TLD15\TLD15.csproj", "{AE0F364D-76DC-4AAF-908C-220F4283EBAE}"
EndProject
Project("{FAE04EC0-301F-11D3-BF4B-00C04F79EFBC}") = "Infrastructure", "Infrastructure\Infrastructure.csproj", "{449B2E35-6665-41B8-9F52-787B08C08129}"
EndProject
Project("{FAE04EC0-301F-11D3-BF4B-00C04F79EFBC}") = "ApplePie", "ApplePie\ApplePie.csproj", "{05EA87DA-9426-4346-A582-348CE693E73B}"
EndProject
Global
	GlobalSection(SolutionConfigurationPlatforms) = preSolution
		Debug|Any CPU = Debug|Any CPU
		Release|Any CPU = Release|Any CPU
	EndGlobalSection
	GlobalSection(ProjectConfigurationPlatforms) = postSolution
		{AE0F364D-76DC-4AAF-908C-220F4283EBAE}.Debug|Any CPU.ActiveCfg = Debug|Any CPU
		{AE0F364D-76DC-4AAF-908C-220F4283EBAE}.Debug|Any CPU.Build.0 = Debug|Any CPU
		{AE0F364D-76DC-4AAF-908C-220F4283EBAE}.Release|Any CPU.ActiveCfg = Release|Any CPU
		{AE0F364D-76DC-4AAF-908C-220F4283EBAE}.Release|Any CPU.Build.0 = Release|Any CPU
		{449B2E35-6665-41B8-9F52-787B08C08129}.Debug|Any CPU.ActiveCfg = Debug|Any CPU
		{449B2E35-6665-41B8-9F52-787B08C08129}.Debug|Any CPU.Build.0 = Debug|Any CPU
		{449B2E35-6665-41B8-9F52-787B08C08129}.Release|Any CPU.ActiveCfg = Release|Any CPU
		{449B2E35-6665-41B8-9F52-787B08C08129}.Release|Any CPU.Build.0 = Release|Any CPU
		{05EA87DA-9426-4346-A582-348CE693E73B}.Debug|Any CPU.ActiveCfg = Debug|Any CPU
		{05EA87DA-9426-4346-A582-348CE693E73B}.Debug|Any CPU.Build.0 = Debug|Any CPU
		{05EA87DA-9426-4346-A582-348CE693E73B}.Release|Any CPU.ActiveCfg = Release|Any CPU
		{05EA87DA-9426-4346-A582-348CE693E73B}.Release|Any CPU.Build.0 = Release|Any CPU
	EndGlobalSection
	GlobalSection(SolutionProperties) = preSolution
		HideSolutionNode = FALSE
	EndGlobalSection
	GlobalSection(ExtensibilityGlobals) = postSolution
		SolutionGuid = {ED19746E-DD49-4526-9ECA-982A8B4B9DE1}
	EndGlobalSection
EndGlobal
